# This file is autogenerated, do not edit; changes may be undone by the next 'dep ensure'.


[[projects]]
  name = "github.com/segmentio/kafka-go"
  packages = ["."]
  revision = "48c37f796910d8154479aaa04ade5843ae4f55d0"
  version = "v0.1.0"

[solve-meta]
  analyzer-name = "dep"
  analyzer-version = 1
  inputs-digest = "84e02fc6018827dc7b189a84a876ab6978a8002b877c303793bb5bc9c37cf89d"
  solver-name = "gps-cdcl"
  solver-version = 1
